// !$*UTF8*$!
{
	archiveVersion = 1;
	classes = {
	};
	objectVersion = 70;
	objects = {

/* Begin PBXBuildFile section */
		A81DE30C2C3FF09F0042F752 /* Route+SortOrder.swift in Sources */ = {isa = PBXBuildFile; fileRef = A81DE30B2C3FF09F0042F752 /* Route+SortOrder.swift */; };
		A81DE30E2C3FF0A40042F752 /* Route+SortMode.swift in Sources */ = {isa = PBXBuildFile; fileRef = A81DE30D2C3FF0A40042F752 /* Route+SortMode.swift */; };
		A81DE3152C4098B80042F752 /* RoutePathShape.swift in Sources */ = {isa = PBXBuildFile; fileRef = A81DE3142C4098B80042F752 /* RoutePathShape.swift */; };
		A81DE3192C409F230042F752 /* RouteListItemPathStrokeStyle.swift in Sources */ = {isa = PBXBuildFile; fileRef = A81DE3182C409F230042F752 /* RouteListItemPathStrokeStyle.swift */; };
		A81DE31D2C40A3FD0042F752 /* [RoutePoint]+NearestPointToDistance.swift in Sources */ = {isa = PBXBuildFile; fileRef = A81DE31C2C40A3FD0042F752 /* [RoutePoint]+NearestPointToDistance.swift */; };
		A827B8622C40A9FD0071C6ED /* ProfileScene.swift in Sources */ = {isa = PBXBuildFile; fileRef = A827B8612C40A9FD0071C6ED /* ProfileScene.swift */; };
		A827B8652C40AA680071C6ED /* ProfileSidebar.swift in Sources */ = {isa = PBXBuildFile; fileRef = A827B8642C40AA680071C6ED /* ProfileSidebar.swift */; };
		A827B8682C40AA8C0071C6ED /* ProfileDetail.swift in Sources */ = {isa = PBXBuildFile; fileRef = A827B8672C40AA8C0071C6ED /* ProfileDetail.swift */; };
		A852FD172C40C75A0067D203 /* MultiDayPlannerMapViewController.swift in Sources */ = {isa = PBXBuildFile; fileRef = A852FD162C40C75A0067D203 /* MultiDayPlannerMapViewController.swift */; };
		A852FD1B2C40CD190067D203 /* MKMapView+DistanceFromPointByNumberOfPixelsHorizontallyAcross.swift in Sources */ = {isa = PBXBuildFile; fileRef = A852FD1A2C40CD190067D203 /* MKMapView+DistanceFromPointByNumberOfPixelsHorizontallyAcross.swift */; };
		A852FD1D2C40CDE00067D203 /* MKPolyline+ClosestPointInPolylineToPoint.swift in Sources */ = {isa = PBXBuildFile; fileRef = A852FD1C2C40CDE00067D203 /* MKPolyline+ClosestPointInPolylineToPoint.swift */; };
		A852FD1F2C40CE840067D203 /* MultiDayPlannerMapViewControllerRepresentable.swift in Sources */ = {isa = PBXBuildFile; fileRef = A852FD1E2C40CE840067D203 /* MultiDayPlannerMapViewControllerRepresentable.swift */; };
		A852FD212C410CCA0067D203 /* CLLocationCoordinate2D+Hashable.swift in Sources */ = {isa = PBXBuildFile; fileRef = A852FD202C410CCA0067D203 /* CLLocationCoordinate2D+Hashable.swift */; };
		A852FD232C410DE20067D203 /* CLLocationCoordinate2D+Equatable.swift in Sources */ = {isa = PBXBuildFile; fileRef = A852FD222C410DE20067D203 /* CLLocationCoordinate2D+Equatable.swift */; };
		A852FD252C410EC80067D203 /* Route+CoordinateRoutePointDictionary.swift in Sources */ = {isa = PBXBuildFile; fileRef = A852FD242C410EC80067D203 /* Route+CoordinateRoutePointDictionary.swift */; };
		A852FD272C4114B20067D203 /* Double+Rounding.swift in Sources */ = {isa = PBXBuildFile; fileRef = A852FD262C4114B20067D203 /* Double+Rounding.swift */; };
		A852FD2B2C41273B0067D203 /* MultiDayPlannerSheet.swift in Sources */ = {isa = PBXBuildFile; fileRef = A852FD2A2C41273B0067D203 /* MultiDayPlannerSheet.swift */; };
		A852FD372C4132320067D203 /* RoutePointSelectionAnnotation.swift in Sources */ = {isa = PBXBuildFile; fileRef = A852FD362C4132320067D203 /* RoutePointSelectionAnnotation.swift */; };
		A86508952C3B48770091EE0D /* TopomapperNZApp.swift in Sources */ = {isa = PBXBuildFile; fileRef = A86508942C3B48770091EE0D /* TopomapperNZApp.swift */; };
		A86508972C3B48770091EE0D /* ContentView.swift in Sources */ = {isa = PBXBuildFile; fileRef = A86508962C3B48770091EE0D /* ContentView.swift */; };
		A865089B2C3B48790091EE0D /* Assets.xcassets in Resources */ = {isa = PBXBuildFile; fileRef = A865089A2C3B48790091EE0D /* Assets.xcassets */; };
		A865089E2C3B48790091EE0D /* Preview Assets.xcassets in Resources */ = {isa = PBXBuildFile; fileRef = A865089D2C3B48790091EE0D /* Preview Assets.xcassets */; };
		A86508A82C3B48790091EE0D /* GPXParsingTests.swift in Sources */ = {isa = PBXBuildFile; fileRef = A86508A72C3B48790091EE0D /* GPXParsingTests.swift */; };
		A86508B22C3B48790091EE0D /* TopomapperNZUITests.swift in Sources */ = {isa = PBXBuildFile; fileRef = A86508B12C3B48790091EE0D /* TopomapperNZUITests.swift */; };
		A86508B42C3B48790091EE0D /* TopomapperNZUITestsLaunchTests.swift in Sources */ = {isa = PBXBuildFile; fileRef = A86508B32C3B48790091EE0D /* TopomapperNZUITestsLaunchTests.swift */; };
		A86508C32C3B4A600091EE0D /* Symbol.swift in Sources */ = {isa = PBXBuildFile; fileRef = A86508C22C3B4A600091EE0D /* Symbol.swift */; };
		A86508C52C3B4B320091EE0D /* RoutesScene.swift in Sources */ = {isa = PBXBuildFile; fileRef = A86508C42C3B4B320091EE0D /* RoutesScene.swift */; };
		A86508CB2C3B4EA40091EE0D /* RoutesSidebar.swift in Sources */ = {isa = PBXBuildFile; fileRef = A86508CA2C3B4EA40091EE0D /* RoutesSidebar.swift */; };
		A86508CD2C3B4EBD0091EE0D /* RouteListItem.swift in Sources */ = {isa = PBXBuildFile; fileRef = A86508CC2C3B4EBD0091EE0D /* RouteListItem.swift */; };
		A86508D02C3B54590091EE0D /* Route.swift in Sources */ = {isa = PBXBuildFile; fileRef = A86508CF2C3B54590091EE0D /* Route.swift */; };
		A86508D22C3B55530091EE0D /* Route+SampleData.swift in Sources */ = {isa = PBXBuildFile; fileRef = A86508D12C3B55530091EE0D /* Route+SampleData.swift */; };
		A86508D42C3B591D0091EE0D /* RouteContent.swift in Sources */ = {isa = PBXBuildFile; fileRef = A86508D32C3B591D0091EE0D /* RouteContent.swift */; };
		A86508D72C3B60360091EE0D /* Statistic.swift in Sources */ = {isa = PBXBuildFile; fileRef = A86508D62C3B60360091EE0D /* Statistic.swift */; };
		A86508D92C3B695C0091EE0D /* RoutePoint.swift in Sources */ = {isa = PBXBuildFile; fileRef = A86508D82C3B695C0091EE0D /* RoutePoint.swift */; };
		A86508DB2C3B6A8B0091EE0D /* GPXTrackPoint.swift in Sources */ = {isa = PBXBuildFile; fileRef = A86508DA2C3B6A8B0091EE0D /* GPXTrackPoint.swift */; };
		A86508DE2C3B6D460091EE0D /* CLLocationCoordinate2D+Codable.swift in Sources */ = {isa = PBXBuildFile; fileRef = A86508DD2C3B6D460091EE0D /* CLLocationCoordinate2D+Codable.swift */; };
		A86508E22C3B8C630091EE0D /* GPXParser.swift in Sources */ = {isa = PBXBuildFile; fileRef = A86508E12C3B8C630091EE0D /* GPXParser.swift */; };
		A8A053B22C3E8A72002DB74E /* StartEndAnnotation.swift in Sources */ = {isa = PBXBuildFile; fileRef = A8A053B12C3E8A72002DB74E /* StartEndAnnotation.swift */; };
		A8A053B42C3E8B7F002DB74E /* StartEndAnnotationView.swift in Sources */ = {isa = PBXBuildFile; fileRef = A8A053B32C3E8B7F002DB74E /* StartEndAnnotationView.swift */; };
		A8A053B72C3FD9D4002DB74E /* RouteDetail.swift in Sources */ = {isa = PBXBuildFile; fileRef = A8A053B62C3FD9D4002DB74E /* RouteDetail.swift */; };
		A8A053B92C3FDA9B002DB74E /* RouteElevationProfileChart.swift in Sources */ = {isa = PBXBuildFile; fileRef = A8A053B82C3FDA9B002DB74E /* RouteElevationProfileChart.swift */; };
		A8CA0BD52C3BB8F0007035F7 /* Route+Equatable.swift in Sources */ = {isa = PBXBuildFile; fileRef = A8CA0BD42C3BB8F0007035F7 /* Route+Equatable.swift */; };
		A8CA0BD72C3BB91C007035F7 /* Route+Hashable.swift in Sources */ = {isa = PBXBuildFile; fileRef = A8CA0BD62C3BB91C007035F7 /* Route+Hashable.swift */; };
		A8CA0BD92C3BBE30007035F7 /* Route+Codable.swift in Sources */ = {isa = PBXBuildFile; fileRef = A8CA0BD82C3BBE30007035F7 /* Route+Codable.swift */; };
		A8CA0BDD2C3BD5B9007035F7 /* NewRouteSheet.swift in Sources */ = {isa = PBXBuildFile; fileRef = A8CA0BDC2C3BD5B9007035F7 /* NewRouteSheet.swift */; };
		A8CA0BE12C3BE934007035F7 /* NewRouteSheet+Actions.swift in Sources */ = {isa = PBXBuildFile; fileRef = A8CA0BE02C3BE934007035F7 /* NewRouteSheet+Actions.swift */; };
		A8CA0BEA2C3BF887007035F7 /* [RoutePoint]+Initializers.swift in Sources */ = {isa = PBXBuildFile; fileRef = A8CA0BE92C3BF887007035F7 /* [RoutePoint]+Initializers.swift */; };
		A8CA0BEC2C3BFA44007035F7 /* CLLocation+Initializers.swift in Sources */ = {isa = PBXBuildFile; fileRef = A8CA0BEB2C3BFA44007035F7 /* CLLocation+Initializers.swift */; };
		A8CA0BEE2C3BFADB007035F7 /* CLLocationCoordinate2D+Distance.swift in Sources */ = {isa = PBXBuildFile; fileRef = A8CA0BED2C3BFADB007035F7 /* CLLocationCoordinate2D+Distance.swift */; };
		A8CA0BF02C3BFBBA007035F7 /* GPXTrackPoint+Distance.swift in Sources */ = {isa = PBXBuildFile; fileRef = A8CA0BEF2C3BFBBA007035F7 /* GPXTrackPoint+Distance.swift */; };
		A8D686592C3CCD1700B725F6 /* RoutesSidebar+Actions.swift in Sources */ = {isa = PBXBuildFile; fileRef = A8D686582C3CCD1700B725F6 /* RoutesSidebar+Actions.swift */; };
		A8D6865B2C3CCF1E00B725F6 /* EditRouteSheet.swift in Sources */ = {isa = PBXBuildFile; fileRef = A8D6865A2C3CCF1E00B725F6 /* EditRouteSheet.swift */; };
		A8D6865D2C3D081C00B725F6 /* Route+Rename.swift in Sources */ = {isa = PBXBuildFile; fileRef = A8D6865C2C3D081C00B725F6 /* Route+Rename.swift */; };
		A8D686652C3D398000B725F6 /* Route+Metrics.swift in Sources */ = {isa = PBXBuildFile; fileRef = A8D686642C3D398000B725F6 /* Route+Metrics.swift */; };
		A8D6866A2C3DE0AF00B725F6 /* RouteLengthFormatStyle.swift in Sources */ = {isa = PBXBuildFile; fileRef = A8D686692C3DE0AF00B725F6 /* RouteLengthFormatStyle.swift */; };
		A8D6866C2C3DE26200B725F6 /* ElevationFormatStyle.swift in Sources */ = {isa = PBXBuildFile; fileRef = A8D6866B2C3DE26200B725F6 /* ElevationFormatStyle.swift */; };
		A8D6866E2C3E1DE700B725F6 /* RouteMapViewControllerRepresentable.swift in Sources */ = {isa = PBXBuildFile; fileRef = A8D6866D2C3E1DE700B725F6 /* RouteMapViewControllerRepresentable.swift */; };
		A8D686712C3E1E2600B725F6 /* RouteMapViewController.swift in Sources */ = {isa = PBXBuildFile; fileRef = A8D686702C3E1E2600B725F6 /* RouteMapViewController.swift */; };
		A8D686732C3E1F1700B725F6 /* RouteMapViewController+MKMapViewDelegateMethods.swift in Sources */ = {isa = PBXBuildFile; fileRef = A8D686722C3E1F1700B725F6 /* RouteMapViewController+MKMapViewDelegateMethods.swift */; };
		A8D686752C3E222A00B725F6 /* .gitignore in Resources */ = {isa = PBXBuildFile; fileRef = A8D686742C3E222A00B725F6 /* .gitignore */; };
		A8D686772C3E229800B725F6 /* TileServerURLTemplate.swift in Sources */ = {isa = PBXBuildFile; fileRef = A8D686762C3E229800B725F6 /* TileServerURLTemplate.swift */; };
		A8D686792C3E22A600B725F6 /* Key.swift in Sources */ = {isa = PBXBuildFile; fileRef = A8D686782C3E22A600B725F6 /* Key.swift */; };
		A8D6867C2C3E24C900B725F6 /* RoutePathPolyline.swift in Sources */ = {isa = PBXBuildFile; fileRef = A8D6867B2C3E24C900B725F6 /* RoutePathPolyline.swift */; };
		A8D6867E2C3E260C00B725F6 /* RoutePathOutlinePolyline.swift in Sources */ = {isa = PBXBuildFile; fileRef = A8D6867D2C3E260C00B725F6 /* RoutePathOutlinePolyline.swift */; };
		A8D686802C3E26AA00B725F6 /* Route+Annotations&Overlays.swift in Sources */ = {isa = PBXBuildFile; fileRef = A8D6867F2C3E26AA00B725F6 /* Route+Annotations&Overlays.swift */; };
		A8D686832C3E298B00B725F6 /* RoutePathRepresentable.swift in Sources */ = {isa = PBXBuildFile; fileRef = A8D686822C3E298B00B725F6 /* RoutePathRepresentable.swift */; };
		A8D686852C3E2F4600B725F6 /* View+ConditionalViewModifier.swift in Sources */ = {isa = PBXBuildFile; fileRef = A8D686842C3E2F4600B725F6 /* View+ConditionalViewModifier.swift */; };
		A8D686872C3E3CE800B725F6 /* SectionHeader.swift in Sources */ = {isa = PBXBuildFile; fileRef = A8D686862C3E3CE800B725F6 /* SectionHeader.swift */; };
/* End PBXBuildFile section */

/* Begin PBXContainerItemProxy section */
		A86508A42C3B48790091EE0D /* PBXContainerItemProxy */ = {
			isa = PBXContainerItemProxy;
			containerPortal = A86508892C3B48770091EE0D /* Project object */;
			proxyType = 1;
			remoteGlobalIDString = A86508902C3B48770091EE0D;
			remoteInfo = TopomapperNZ;
		};
		A86508AE2C3B48790091EE0D /* PBXContainerItemProxy */ = {
			isa = PBXContainerItemProxy;
			containerPortal = A86508892C3B48770091EE0D /* Project object */;
			proxyType = 1;
			remoteGlobalIDString = A86508902C3B48770091EE0D;
			remoteInfo = TopomapperNZ;
		};
/* End PBXContainerItemProxy section */

/* Begin PBXFileReference section */
		A81DE30B2C3FF09F0042F752 /* Route+SortOrder.swift */ = {isa = PBXFileReference; lastKnownFileType = sourcecode.swift; path = "Route+SortOrder.swift"; sourceTree = "<group>"; };
		A81DE30D2C3FF0A40042F752 /* Route+SortMode.swift */ = {isa = PBXFileReference; lastKnownFileType = sourcecode.swift; path = "Route+SortMode.swift"; sourceTree = "<group>"; };
		A81DE3142C4098B80042F752 /* RoutePathShape.swift */ = {isa = PBXFileReference; lastKnownFileType = sourcecode.swift; path = RoutePathShape.swift; sourceTree = "<group>"; };
		A81DE3182C409F230042F752 /* RouteListItemPathStrokeStyle.swift */ = {isa = PBXFileReference; lastKnownFileType = sourcecode.swift; path = RouteListItemPathStrokeStyle.swift; sourceTree = "<group>"; };
		A81DE31C2C40A3FD0042F752 /* [RoutePoint]+NearestPointToDistance.swift */ = {isa = PBXFileReference; lastKnownFileType = sourcecode.swift; path = "[RoutePoint]+NearestPointToDistance.swift"; sourceTree = "<group>"; };
		A827B8612C40A9FD0071C6ED /* ProfileScene.swift */ = {isa = PBXFileReference; lastKnownFileType = sourcecode.swift; path = ProfileScene.swift; sourceTree = "<group>"; };
		A827B8642C40AA680071C6ED /* ProfileSidebar.swift */ = {isa = PBXFileReference; lastKnownFileType = sourcecode.swift; path = ProfileSidebar.swift; sourceTree = "<group>"; };
		A827B8672C40AA8C0071C6ED /* ProfileDetail.swift */ = {isa = PBXFileReference; lastKnownFileType = sourcecode.swift; path = ProfileDetail.swift; sourceTree = "<group>"; };
		A852FD162C40C75A0067D203 /* MultiDayPlannerMapViewController.swift */ = {isa = PBXFileReference; lastKnownFileType = sourcecode.swift; path = MultiDayPlannerMapViewController.swift; sourceTree = "<group>"; };
		A852FD1A2C40CD190067D203 /* MKMapView+DistanceFromPointByNumberOfPixelsHorizontallyAcross.swift */ = {isa = PBXFileReference; lastKnownFileType = sourcecode.swift; path = "MKMapView+DistanceFromPointByNumberOfPixelsHorizontallyAcross.swift"; sourceTree = "<group>"; };
		A852FD1C2C40CDE00067D203 /* MKPolyline+ClosestPointInPolylineToPoint.swift */ = {isa = PBXFileReference; lastKnownFileType = sourcecode.swift; path = "MKPolyline+ClosestPointInPolylineToPoint.swift"; sourceTree = "<group>"; };
		A852FD1E2C40CE840067D203 /* MultiDayPlannerMapViewControllerRepresentable.swift */ = {isa = PBXFileReference; lastKnownFileType = sourcecode.swift; path = MultiDayPlannerMapViewControllerRepresentable.swift; sourceTree = "<group>"; };
		A852FD202C410CCA0067D203 /* CLLocationCoordinate2D+Hashable.swift */ = {isa = PBXFileReference; lastKnownFileType = sourcecode.swift; path = "CLLocationCoordinate2D+Hashable.swift"; sourceTree = "<group>"; };
		A852FD222C410DE20067D203 /* CLLocationCoordinate2D+Equatable.swift */ = {isa = PBXFileReference; lastKnownFileType = sourcecode.swift; path = "CLLocationCoordinate2D+Equatable.swift"; sourceTree = "<group>"; };
		A852FD242C410EC80067D203 /* Route+CoordinateRoutePointDictionary.swift */ = {isa = PBXFileReference; lastKnownFileType = sourcecode.swift; path = "Route+CoordinateRoutePointDictionary.swift"; sourceTree = "<group>"; };
		A852FD262C4114B20067D203 /* Double+Rounding.swift */ = {isa = PBXFileReference; lastKnownFileType = sourcecode.swift; path = "Double+Rounding.swift"; sourceTree = "<group>"; };
		A852FD2A2C41273B0067D203 /* MultiDayPlannerSheet.swift */ = {isa = PBXFileReference; lastKnownFileType = sourcecode.swift; path = MultiDayPlannerSheet.swift; sourceTree = "<group>"; };
		A852FD362C4132320067D203 /* RoutePointSelectionAnnotation.swift */ = {isa = PBXFileReference; lastKnownFileType = sourcecode.swift; path = RoutePointSelectionAnnotation.swift; sourceTree = "<group>"; };
		A86508912C3B48770091EE0D /* TopomapperNZ.app */ = {isa = PBXFileReference; explicitFileType = wrapper.application; includeInIndex = 0; path = TopomapperNZ.app; sourceTree = BUILT_PRODUCTS_DIR; };
		A86508942C3B48770091EE0D /* TopomapperNZApp.swift */ = {isa = PBXFileReference; lastKnownFileType = sourcecode.swift; path = TopomapperNZApp.swift; sourceTree = "<group>"; };
		A86508962C3B48770091EE0D /* ContentView.swift */ = {isa = PBXFileReference; lastKnownFileType = sourcecode.swift; path = ContentView.swift; sourceTree = "<group>"; };
		A865089A2C3B48790091EE0D /* Assets.xcassets */ = {isa = PBXFileReference; lastKnownFileType = folder.assetcatalog; path = Assets.xcassets; sourceTree = "<group>"; };
		A865089D2C3B48790091EE0D /* Preview Assets.xcassets */ = {isa = PBXFileReference; lastKnownFileType = folder.assetcatalog; path = "Preview Assets.xcassets"; sourceTree = "<group>"; };
		A86508A32C3B48790091EE0D /* TopomapperNZTests.xctest */ = {isa = PBXFileReference; explicitFileType = wrapper.cfbundle; includeInIndex = 0; path = TopomapperNZTests.xctest; sourceTree = BUILT_PRODUCTS_DIR; };
		A86508A72C3B48790091EE0D /* GPXParsingTests.swift */ = {isa = PBXFileReference; lastKnownFileType = sourcecode.swift; path = GPXParsingTests.swift; sourceTree = "<group>"; };
		A86508AD2C3B48790091EE0D /* TopomapperNZUITests.xctest */ = {isa = PBXFileReference; explicitFileType = wrapper.cfbundle; includeInIndex = 0; path = TopomapperNZUITests.xctest; sourceTree = BUILT_PRODUCTS_DIR; };
		A86508B12C3B48790091EE0D /* TopomapperNZUITests.swift */ = {isa = PBXFileReference; lastKnownFileType = sourcecode.swift; path = TopomapperNZUITests.swift; sourceTree = "<group>"; };
		A86508B32C3B48790091EE0D /* TopomapperNZUITestsLaunchTests.swift */ = {isa = PBXFileReference; lastKnownFileType = sourcecode.swift; path = TopomapperNZUITestsLaunchTests.swift; sourceTree = "<group>"; };
		A86508C22C3B4A600091EE0D /* Symbol.swift */ = {isa = PBXFileReference; lastKnownFileType = sourcecode.swift; path = Symbol.swift; sourceTree = "<group>"; };
		A86508C42C3B4B320091EE0D /* RoutesScene.swift */ = {isa = PBXFileReference; lastKnownFileType = sourcecode.swift; path = RoutesScene.swift; sourceTree = "<group>"; };
		A86508CA2C3B4EA40091EE0D /* RoutesSidebar.swift */ = {isa = PBXFileReference; lastKnownFileType = sourcecode.swift; path = RoutesSidebar.swift; sourceTree = "<group>"; };
		A86508CC2C3B4EBD0091EE0D /* RouteListItem.swift */ = {isa = PBXFileReference; lastKnownFileType = sourcecode.swift; path = RouteListItem.swift; sourceTree = "<group>"; };
		A86508CF2C3B54590091EE0D /* Route.swift */ = {isa = PBXFileReference; lastKnownFileType = sourcecode.swift; path = Route.swift; sourceTree = "<group>"; };
		A86508D12C3B55530091EE0D /* Route+SampleData.swift */ = {isa = PBXFileReference; lastKnownFileType = sourcecode.swift; path = "Route+SampleData.swift"; sourceTree = "<group>"; };
		A86508D32C3B591D0091EE0D /* RouteContent.swift */ = {isa = PBXFileReference; lastKnownFileType = sourcecode.swift; path = RouteContent.swift; sourceTree = "<group>"; };
		A86508D62C3B60360091EE0D /* Statistic.swift */ = {isa = PBXFileReference; lastKnownFileType = sourcecode.swift; path = Statistic.swift; sourceTree = "<group>"; };
		A86508D82C3B695C0091EE0D /* RoutePoint.swift */ = {isa = PBXFileReference; lastKnownFileType = sourcecode.swift; path = RoutePoint.swift; sourceTree = "<group>"; };
		A86508DA2C3B6A8B0091EE0D /* GPXTrackPoint.swift */ = {isa = PBXFileReference; lastKnownFileType = sourcecode.swift; path = GPXTrackPoint.swift; sourceTree = "<group>"; };
		A86508DD2C3B6D460091EE0D /* CLLocationCoordinate2D+Codable.swift */ = {isa = PBXFileReference; lastKnownFileType = sourcecode.swift; path = "CLLocationCoordinate2D+Codable.swift"; sourceTree = "<group>"; };
		A86508E12C3B8C630091EE0D /* GPXParser.swift */ = {isa = PBXFileReference; lastKnownFileType = sourcecode.swift; path = GPXParser.swift; sourceTree = "<group>"; };
		A8A053B12C3E8A72002DB74E /* StartEndAnnotation.swift */ = {isa = PBXFileReference; lastKnownFileType = sourcecode.swift; path = StartEndAnnotation.swift; sourceTree = "<group>"; };
		A8A053B32C3E8B7F002DB74E /* StartEndAnnotationView.swift */ = {isa = PBXFileReference; lastKnownFileType = sourcecode.swift; path = StartEndAnnotationView.swift; sourceTree = "<group>"; };
		A8A053B62C3FD9D4002DB74E /* RouteDetail.swift */ = {isa = PBXFileReference; lastKnownFileType = sourcecode.swift; path = RouteDetail.swift; sourceTree = "<group>"; };
		A8A053B82C3FDA9B002DB74E /* RouteElevationProfileChart.swift */ = {isa = PBXFileReference; lastKnownFileType = sourcecode.swift; path = RouteElevationProfileChart.swift; sourceTree = "<group>"; };
		A8CA0BD42C3BB8F0007035F7 /* Route+Equatable.swift */ = {isa = PBXFileReference; lastKnownFileType = sourcecode.swift; path = "Route+Equatable.swift"; sourceTree = "<group>"; };
		A8CA0BD62C3BB91C007035F7 /* Route+Hashable.swift */ = {isa = PBXFileReference; lastKnownFileType = sourcecode.swift; path = "Route+Hashable.swift"; sourceTree = "<group>"; };
		A8CA0BD82C3BBE30007035F7 /* Route+Codable.swift */ = {isa = PBXFileReference; lastKnownFileType = sourcecode.swift; path = "Route+Codable.swift"; sourceTree = "<group>"; };
		A8CA0BDC2C3BD5B9007035F7 /* NewRouteSheet.swift */ = {isa = PBXFileReference; lastKnownFileType = sourcecode.swift; path = NewRouteSheet.swift; sourceTree = "<group>"; };
		A8CA0BE02C3BE934007035F7 /* NewRouteSheet+Actions.swift */ = {isa = PBXFileReference; lastKnownFileType = sourcecode.swift; path = "NewRouteSheet+Actions.swift"; sourceTree = "<group>"; };
		A8CA0BE92C3BF887007035F7 /* [RoutePoint]+Initializers.swift */ = {isa = PBXFileReference; lastKnownFileType = sourcecode.swift; path = "[RoutePoint]+Initializers.swift"; sourceTree = "<group>"; };
		A8CA0BEB2C3BFA44007035F7 /* CLLocation+Initializers.swift */ = {isa = PBXFileReference; lastKnownFileType = sourcecode.swift; path = "CLLocation+Initializers.swift"; sourceTree = "<group>"; };
		A8CA0BED2C3BFADB007035F7 /* CLLocationCoordinate2D+Distance.swift */ = {isa = PBXFileReference; lastKnownFileType = sourcecode.swift; path = "CLLocationCoordinate2D+Distance.swift"; sourceTree = "<group>"; };
		A8CA0BEF2C3BFBBA007035F7 /* GPXTrackPoint+Distance.swift */ = {isa = PBXFileReference; lastKnownFileType = sourcecode.swift; path = "GPXTrackPoint+Distance.swift"; sourceTree = "<group>"; };
		A8D686582C3CCD1700B725F6 /* RoutesSidebar+Actions.swift */ = {isa = PBXFileReference; lastKnownFileType = sourcecode.swift; path = "RoutesSidebar+Actions.swift"; sourceTree = "<group>"; };
		A8D6865A2C3CCF1E00B725F6 /* EditRouteSheet.swift */ = {isa = PBXFileReference; lastKnownFileType = sourcecode.swift; path = EditRouteSheet.swift; sourceTree = "<group>"; };
		A8D6865C2C3D081C00B725F6 /* Route+Rename.swift */ = {isa = PBXFileReference; lastKnownFileType = sourcecode.swift; path = "Route+Rename.swift"; sourceTree = "<group>"; };
		A8D686642C3D398000B725F6 /* Route+Metrics.swift */ = {isa = PBXFileReference; lastKnownFileType = sourcecode.swift; path = "Route+Metrics.swift"; sourceTree = "<group>"; };
		A8D686692C3DE0AF00B725F6 /* RouteLengthFormatStyle.swift */ = {isa = PBXFileReference; lastKnownFileType = sourcecode.swift; path = RouteLengthFormatStyle.swift; sourceTree = "<group>"; };
		A8D6866B2C3DE26200B725F6 /* ElevationFormatStyle.swift */ = {isa = PBXFileReference; lastKnownFileType = sourcecode.swift; path = ElevationFormatStyle.swift; sourceTree = "<group>"; };
		A8D6866D2C3E1DE700B725F6 /* RouteMapViewControllerRepresentable.swift */ = {isa = PBXFileReference; lastKnownFileType = sourcecode.swift; path = RouteMapViewControllerRepresentable.swift; sourceTree = "<group>"; };
		A8D686702C3E1E2600B725F6 /* RouteMapViewController.swift */ = {isa = PBXFileReference; lastKnownFileType = sourcecode.swift; path = RouteMapViewController.swift; sourceTree = "<group>"; };
		A8D686722C3E1F1700B725F6 /* RouteMapViewController+MKMapViewDelegateMethods.swift */ = {isa = PBXFileReference; lastKnownFileType = sourcecode.swift; path = "RouteMapViewController+MKMapViewDelegateMethods.swift"; sourceTree = "<group>"; };
		A8D686742C3E222A00B725F6 /* .gitignore */ = {isa = PBXFileReference; lastKnownFileType = text; path = .gitignore; sourceTree = "<group>"; };
		A8D686762C3E229800B725F6 /* TileServerURLTemplate.swift */ = {isa = PBXFileReference; lastKnownFileType = sourcecode.swift; path = TileServerURLTemplate.swift; sourceTree = "<group>"; };
		A8D686782C3E22A600B725F6 /* Key.swift */ = {isa = PBXFileReference; lastKnownFileType = sourcecode.swift; path = Key.swift; sourceTree = "<group>"; };
		A8D6867B2C3E24C900B725F6 /* RoutePathPolyline.swift */ = {isa = PBXFileReference; lastKnownFileType = sourcecode.swift; path = RoutePathPolyline.swift; sourceTree = "<group>"; };
		A8D6867D2C3E260C00B725F6 /* RoutePathOutlinePolyline.swift */ = {isa = PBXFileReference; lastKnownFileType = sourcecode.swift; path = RoutePathOutlinePolyline.swift; sourceTree = "<group>"; };
		A8D6867F2C3E26AA00B725F6 /* Route+Annotations&Overlays.swift */ = {isa = PBXFileReference; lastKnownFileType = sourcecode.swift; path = "Route+Annotations&Overlays.swift"; sourceTree = "<group>"; };
		A8D686822C3E298B00B725F6 /* RoutePathRepresentable.swift */ = {isa = PBXFileReference; lastKnownFileType = sourcecode.swift; path = RoutePathRepresentable.swift; sourceTree = "<group>"; };
		A8D686842C3E2F4600B725F6 /* View+ConditionalViewModifier.swift */ = {isa = PBXFileReference; lastKnownFileType = sourcecode.swift; path = "View+ConditionalViewModifier.swift"; sourceTree = "<group>"; };
		A8D686862C3E3CE800B725F6 /* SectionHeader.swift */ = {isa = PBXFileReference; lastKnownFileType = sourcecode.swift; path = SectionHeader.swift; sourceTree = "<group>"; };
/* End PBXFileReference section */

/* Begin PBXFileSystemSynchronizedBuildFileExceptionSet section */
		A86508E82C3B97AC0091EE0D /* PBXFileSystemSynchronizedBuildFileExceptionSet */ = {
			isa = PBXFileSystemSynchronizedBuildFileExceptionSet;
			membershipExceptions = (
				SampleGPX.gpx,
				TextFile.txt,
			);
			target = A86508A22C3B48790091EE0D /* TopomapperNZTests */;
		};
/* End PBXFileSystemSynchronizedBuildFileExceptionSet section */

/* Begin PBXFileSystemSynchronizedRootGroup section */
		A86508E52C3B97920091EE0D /* Test Data */ = {isa = PBXFileSystemSynchronizedRootGroup; exceptions = (A86508E82C3B97AC0091EE0D /* PBXFileSystemSynchronizedBuildFileExceptionSet */, ); explicitFileTypes = {}; explicitFolders = (); path = "Test Data"; sourceTree = "<group>"; };
/* End PBXFileSystemSynchronizedRootGroup section */

/* Begin PBXFrameworksBuildPhase section */
		A865088E2C3B48770091EE0D /* Frameworks */ = {
			isa = PBXFrameworksBuildPhase;
			buildActionMask = 2147483647;
			files = (
			);
			runOnlyForDeploymentPostprocessing = 0;
		};
		A86508A02C3B48790091EE0D /* Frameworks */ = {
			isa = PBXFrameworksBuildPhase;
			buildActionMask = 2147483647;
			files = (
			);
			runOnlyForDeploymentPostprocessing = 0;
		};
		A86508AA2C3B48790091EE0D /* Frameworks */ = {
			isa = PBXFrameworksBuildPhase;
			buildActionMask = 2147483647;
			files = (
			);
			runOnlyForDeploymentPostprocessing = 0;
		};
/* End PBXFrameworksBuildPhase section */

/* Begin PBXGroup section */
		A81DE30F2C3FF1520042F752 /* Enumerations */ = {
			isa = PBXGroup;
			children = (
				A81DE30B2C3FF09F0042F752 /* Route+SortOrder.swift */,
				A81DE30D2C3FF0A40042F752 /* Route+SortMode.swift */,
			);
			path = Enumerations;
			sourceTree = "<group>";
		};
		A827B8602C40A9E80071C6ED /* Profile */ = {
			isa = PBXGroup;
			children = (
				A827B8612C40A9FD0071C6ED /* ProfileScene.swift */,
				A827B8632C40AA5D0071C6ED /* Profile Sidebar */,
				A827B8662C40AA7B0071C6ED /* Profile Detail */,
			);
			path = Profile;
			sourceTree = "<group>";
		};
		A827B8632C40AA5D0071C6ED /* Profile Sidebar */ = {
			isa = PBXGroup;
			children = (
				A827B8642C40AA680071C6ED /* ProfileSidebar.swift */,
			);
			path = "Profile Sidebar";
			sourceTree = "<group>";
		};
		A827B8662C40AA7B0071C6ED /* Profile Detail */ = {
			isa = PBXGroup;
			children = (
				A827B8672C40AA8C0071C6ED /* ProfileDetail.swift */,
			);
			path = "Profile Detail";
			sourceTree = "<group>";
		};
		A852FD152C40C72A0067D203 /* Multi-Day Planner Map */ = {
			isa = PBXGroup;
			children = (
				A852FD162C40C75A0067D203 /* MultiDayPlannerMapViewController.swift */,
				A852FD1E2C40CE840067D203 /* MultiDayPlannerMapViewControllerRepresentable.swift */,
			);
			path = "Multi-Day Planner Map";
			sourceTree = "<group>";
		};
		A86508882C3B48770091EE0D = {
			isa = PBXGroup;
			children = (
				A86508932C3B48770091EE0D /* TopomapperNZ */,
				A86508A62C3B48790091EE0D /* TopomapperNZTests */,
				A86508B02C3B48790091EE0D /* TopomapperNZUITests */,
				A86508922C3B48770091EE0D /* Products */,
			);
			sourceTree = "<group>";
		};
		A86508922C3B48770091EE0D /* Products */ = {
			isa = PBXGroup;
			children = (
				A86508912C3B48770091EE0D /* TopomapperNZ.app */,
				A86508A32C3B48790091EE0D /* TopomapperNZTests.xctest */,
				A86508AD2C3B48790091EE0D /* TopomapperNZUITests.xctest */,
			);
			name = Products;
			sourceTree = "<group>";
		};
		A86508932C3B48770091EE0D /* TopomapperNZ */ = {
			isa = PBXGroup;
			children = (
				A86508942C3B48770091EE0D /* TopomapperNZApp.swift */,
				A8D686812C3E297F00B725F6 /* Protocols */,
				A86508DC2C3B6D3D0091EE0D /* Extensions */,
				A86508CE2C3B54520091EE0D /* Models */,
				A86508C62C3B4B360091EE0D /* User Interface */,
				A86508C12C3B4A560091EE0D /* Constants */,
				A8D686682C3DE0A400B725F6 /* Styles */,
				A865089A2C3B48790091EE0D /* Assets.xcassets */,
				A865089C2C3B48790091EE0D /* Preview Content */,
				A8D686742C3E222A00B725F6 /* .gitignore */,
			);
			path = TopomapperNZ;
			sourceTree = "<group>";
		};
		A865089C2C3B48790091EE0D /* Preview Content */ = {
			isa = PBXGroup;
			children = (
				A865089D2C3B48790091EE0D /* Preview Assets.xcassets */,
				A86508D12C3B55530091EE0D /* Route+SampleData.swift */,
			);
			path = "Preview Content";
			sourceTree = "<group>";
		};
		A86508A62C3B48790091EE0D /* TopomapperNZTests */ = {
			isa = PBXGroup;
			children = (
				A86508E52C3B97920091EE0D /* Test Data */,
				A86508A72C3B48790091EE0D /* GPXParsingTests.swift */,
			);
			path = TopomapperNZTests;
			sourceTree = "<group>";
		};
		A86508B02C3B48790091EE0D /* TopomapperNZUITests */ = {
			isa = PBXGroup;
			children = (
				A86508B12C3B48790091EE0D /* TopomapperNZUITests.swift */,
				A86508B32C3B48790091EE0D /* TopomapperNZUITestsLaunchTests.swift */,
			);
			path = TopomapperNZUITests;
			sourceTree = "<group>";
		};
		A86508C12C3B4A560091EE0D /* Constants */ = {
			isa = PBXGroup;
			children = (
				A86508C22C3B4A600091EE0D /* Symbol.swift */,
				A8D686762C3E229800B725F6 /* TileServerURLTemplate.swift */,
				A8D686782C3E22A600B725F6 /* Key.swift */,
			);
			path = Constants;
			sourceTree = "<group>";
		};
		A86508C62C3B4B360091EE0D /* User Interface */ = {
			isa = PBXGroup;
			children = (
				A86508962C3B48770091EE0D /* ContentView.swift */,
				A86508D52C3B60300091EE0D /* Shared */,
				A86508C72C3B4B750091EE0D /* Routes */,
				A827B8602C40A9E80071C6ED /* Profile */,
			);
			path = "User Interface";
			sourceTree = "<group>";
		};
		A86508C72C3B4B750091EE0D /* Routes */ = {
			isa = PBXGroup;
			children = (
				A86508C42C3B4B320091EE0D /* RoutesScene.swift */,
				A8D6865F2C3D1AD400B725F6 /* Routes Sidebar */,
				A8D6865E2C3D1ABB00B725F6 /* Route Content */,
				A8A053B52C3FD99F002DB74E /* Route Detail */,
			);
			path = Routes;
			sourceTree = "<group>";
		};
		A86508CE2C3B54520091EE0D /* Models */ = {
			isa = PBXGroup;
			children = (
				A86508CF2C3B54590091EE0D /* Route.swift */,
				A86508D82C3B695C0091EE0D /* RoutePoint.swift */,
				A86508DA2C3B6A8B0091EE0D /* GPXTrackPoint.swift */,
				A86508E12C3B8C630091EE0D /* GPXParser.swift */,
				A81DE30F2C3FF1520042F752 /* Enumerations */,
			);
			path = Models;
			sourceTree = "<group>";
		};
		A86508D52C3B60300091EE0D /* Shared */ = {
			isa = PBXGroup;
			children = (
				A8D686862C3E3CE800B725F6 /* SectionHeader.swift */,
				A86508D62C3B60360091EE0D /* Statistic.swift */,
				A8A053B82C3FDA9B002DB74E /* RouteElevationProfileChart.swift */,
				A81DE3142C4098B80042F752 /* RoutePathShape.swift */,
				A8D6867A2C3E249600B725F6 /* MapKit Annotations and Overlays */,
				A8D6866F2C3E1DEF00B725F6 /* Route Map */,
			);
			path = Shared;
			sourceTree = "<group>";
		};
		A86508DC2C3B6D3D0091EE0D /* Extensions */ = {
			isa = PBXGroup;
			children = (
				A8CA0BE92C3BF887007035F7 /* [RoutePoint]+Initializers.swift */,
				A81DE31C2C40A3FD0042F752 /* [RoutePoint]+NearestPointToDistance.swift */,
				A8CA0BEB2C3BFA44007035F7 /* CLLocation+Initializers.swift */,
				A8CA0BED2C3BFADB007035F7 /* CLLocationCoordinate2D+Distance.swift */,
				A8CA0BEF2C3BFBBA007035F7 /* GPXTrackPoint+Distance.swift */,
				A852FD1A2C40CD190067D203 /* MKMapView+DistanceFromPointByNumberOfPixelsHorizontallyAcross.swift */,
				A852FD1C2C40CDE00067D203 /* MKPolyline+ClosestPointInPolylineToPoint.swift */,
				A8D6867F2C3E26AA00B725F6 /* Route+Annotations&Overlays.swift */,
				A8D686642C3D398000B725F6 /* Route+Metrics.swift */,
				A8D6865C2C3D081C00B725F6 /* Route+Rename.swift */,
				A852FD242C410EC80067D203 /* Route+CoordinateRoutePointDictionary.swift */,
				A8D686842C3E2F4600B725F6 /* View+ConditionalViewModifier.swift */,
				A8CA0BE62C3BF815007035F7 /* Protocol Conformance */,
				A852FD262C4114B20067D203 /* Double+Rounding.swift */,
			);
			path = Extensions;
			sourceTree = "<group>";
		};
		A8A053B52C3FD99F002DB74E /* Route Detail */ = {
			isa = PBXGroup;
			children = (
				A8A053B62C3FD9D4002DB74E /* RouteDetail.swift */,
			);
			path = "Route Detail";
			sourceTree = "<group>";
		};
		A8CA0BE62C3BF815007035F7 /* Protocol Conformance */ = {
			isa = PBXGroup;
			children = (
				A86508DD2C3B6D460091EE0D /* CLLocationCoordinate2D+Codable.swift */,
				A852FD222C410DE20067D203 /* CLLocationCoordinate2D+Equatable.swift */,
				A852FD202C410CCA0067D203 /* CLLocationCoordinate2D+Hashable.swift */,
				A8CA0BD82C3BBE30007035F7 /* Route+Codable.swift */,
				A8CA0BD42C3BB8F0007035F7 /* Route+Equatable.swift */,
				A8CA0BD62C3BB91C007035F7 /* Route+Hashable.swift */,
			);
			path = "Protocol Conformance";
			sourceTree = "<group>";
		};
		A8D6865E2C3D1ABB00B725F6 /* Route Content */ = {
			isa = PBXGroup;
			children = (
				A86508D32C3B591D0091EE0D /* RouteContent.swift */,
				A852FD2A2C41273B0067D203 /* MultiDayPlannerSheet.swift */,
				A8D6865A2C3CCF1E00B725F6 /* EditRouteSheet.swift */,
			);
			path = "Route Content";
			sourceTree = "<group>";
		};
		A8D6865F2C3D1AD400B725F6 /* Routes Sidebar */ = {
			isa = PBXGroup;
			children = (
				A86508CA2C3B4EA40091EE0D /* RoutesSidebar.swift */,
				A8D686582C3CCD1700B725F6 /* RoutesSidebar+Actions.swift */,
				A86508CC2C3B4EBD0091EE0D /* RouteListItem.swift */,
				A8CA0BDC2C3BD5B9007035F7 /* NewRouteSheet.swift */,
				A8CA0BE02C3BE934007035F7 /* NewRouteSheet+Actions.swift */,
			);
			path = "Routes Sidebar";
			sourceTree = "<group>";
		};
		A8D686682C3DE0A400B725F6 /* Styles */ = {
			isa = PBXGroup;
			children = (
				A8D686692C3DE0AF00B725F6 /* RouteLengthFormatStyle.swift */,
				A81DE3182C409F230042F752 /* RouteListItemPathStrokeStyle.swift */,
				A8D6866B2C3DE26200B725F6 /* ElevationFormatStyle.swift */,
			);
			path = Styles;
			sourceTree = "<group>";
		};
		A8D6866F2C3E1DEF00B725F6 /* Route Map */ = {
			isa = PBXGroup;
			children = (
				A852FD152C40C72A0067D203 /* Multi-Day Planner Map */,
				A8D6866D2C3E1DE700B725F6 /* RouteMapViewControllerRepresentable.swift */,
				A8D686702C3E1E2600B725F6 /* RouteMapViewController.swift */,
				A8D686722C3E1F1700B725F6 /* RouteMapViewController+MKMapViewDelegateMethods.swift */,
			);
			path = "Route Map";
			sourceTree = "<group>";
		};
		A8D6867A2C3E249600B725F6 /* MapKit Annotations and Overlays */ = {
			isa = PBXGroup;
			children = (
				A8D6867B2C3E24C900B725F6 /* RoutePathPolyline.swift */,
				A8D6867D2C3E260C00B725F6 /* RoutePathOutlinePolyline.swift */,
				A8A053B12C3E8A72002DB74E /* StartEndAnnotation.swift */,
				A8A053B32C3E8B7F002DB74E /* StartEndAnnotationView.swift */,
				A852FD362C4132320067D203 /* RoutePointSelectionAnnotation.swift */,
			);
			path = "MapKit Annotations and Overlays";
			sourceTree = "<group>";
		};
		A8D686812C3E297F00B725F6 /* Protocols */ = {
			isa = PBXGroup;
			children = (
				A8D686822C3E298B00B725F6 /* RoutePathRepresentable.swift */,
			);
			path = Protocols;
			sourceTree = "<group>";
		};
/* End PBXGroup section */

/* Begin PBXNativeTarget section */
		A86508902C3B48770091EE0D /* TopomapperNZ */ = {
			isa = PBXNativeTarget;
			buildConfigurationList = A86508B72C3B48790091EE0D /* Build configuration list for PBXNativeTarget "TopomapperNZ" */;
			buildPhases = (
				A865088D2C3B48770091EE0D /* Sources */,
				A865088E2C3B48770091EE0D /* Frameworks */,
				A865088F2C3B48770091EE0D /* Resources */,
			);
			buildRules = (
			);
			dependencies = (
			);
			name = TopomapperNZ;
			productName = TopomapperNZ;
			productReference = A86508912C3B48770091EE0D /* TopomapperNZ.app */;
			productType = "com.apple.product-type.application";
		};
		A86508A22C3B48790091EE0D /* TopomapperNZTests */ = {
			isa = PBXNativeTarget;
			buildConfigurationList = A86508BA2C3B48790091EE0D /* Build configuration list for PBXNativeTarget "TopomapperNZTests" */;
			buildPhases = (
				A865089F2C3B48790091EE0D /* Sources */,
				A86508A02C3B48790091EE0D /* Frameworks */,
				A86508A12C3B48790091EE0D /* Resources */,
			);
			buildRules = (
			);
			dependencies = (
				A86508A52C3B48790091EE0D /* PBXTargetDependency */,
			);
			name = TopomapperNZTests;
			productName = TopomapperNZTests;
			productReference = A86508A32C3B48790091EE0D /* TopomapperNZTests.xctest */;
			productType = "com.apple.product-type.bundle.unit-test";
		};
		A86508AC2C3B48790091EE0D /* TopomapperNZUITests */ = {
			isa = PBXNativeTarget;
			buildConfigurationList = A86508BD2C3B48790091EE0D /* Build configuration list for PBXNativeTarget "TopomapperNZUITests" */;
			buildPhases = (
				A86508A92C3B48790091EE0D /* Sources */,
				A86508AA2C3B48790091EE0D /* Frameworks */,
				A86508AB2C3B48790091EE0D /* Resources */,
			);
			buildRules = (
			);
			dependencies = (
				A86508AF2C3B48790091EE0D /* PBXTargetDependency */,
			);
			name = TopomapperNZUITests;
			productName = TopomapperNZUITests;
			productReference = A86508AD2C3B48790091EE0D /* TopomapperNZUITests.xctest */;
			productType = "com.apple.product-type.bundle.ui-testing";
		};
/* End PBXNativeTarget section */

/* Begin PBXProject section */
		A86508892C3B48770091EE0D /* Project object */ = {
			isa = PBXProject;
			attributes = {
				BuildIndependentTargetsInParallel = 1;
				LastSwiftUpdateCheck = 1600;
				LastUpgradeCheck = 1600;
				TargetAttributes = {
					A86508902C3B48770091EE0D = {
						CreatedOnToolsVersion = 16.0;
					};
					A86508A22C3B48790091EE0D = {
						CreatedOnToolsVersion = 16.0;
						TestTargetID = A86508902C3B48770091EE0D;
					};
					A86508AC2C3B48790091EE0D = {
						CreatedOnToolsVersion = 16.0;
						TestTargetID = A86508902C3B48770091EE0D;
					};
				};
			};
			buildConfigurationList = A865088C2C3B48770091EE0D /* Build configuration list for PBXProject "TopomapperNZ" */;
			compatibilityVersion = "Xcode 15.0";
			developmentRegion = en;
			hasScannedForEncodings = 0;
			knownRegions = (
				en,
				Base,
			);
			mainGroup = A86508882C3B48770091EE0D;
			productRefGroup = A86508922C3B48770091EE0D /* Products */;
			projectDirPath = "";
			projectRoot = "";
			targets = (
				A86508902C3B48770091EE0D /* TopomapperNZ */,
				A86508A22C3B48790091EE0D /* TopomapperNZTests */,
				A86508AC2C3B48790091EE0D /* TopomapperNZUITests */,
			);
		};
/* End PBXProject section */

/* Begin PBXResourcesBuildPhase section */
		A865088F2C3B48770091EE0D /* Resources */ = {
			isa = PBXResourcesBuildPhase;
			buildActionMask = 2147483647;
			files = (
				A865089E2C3B48790091EE0D /* Preview Assets.xcassets in Resources */,
				A8D686752C3E222A00B725F6 /* .gitignore in Resources */,
				A865089B2C3B48790091EE0D /* Assets.xcassets in Resources */,
			);
			runOnlyForDeploymentPostprocessing = 0;
		};
		A86508A12C3B48790091EE0D /* Resources */ = {
			isa = PBXResourcesBuildPhase;
			buildActionMask = 2147483647;
			files = (
			);
			runOnlyForDeploymentPostprocessing = 0;
		};
		A86508AB2C3B48790091EE0D /* Resources */ = {
			isa = PBXResourcesBuildPhase;
			buildActionMask = 2147483647;
			files = (
			);
			runOnlyForDeploymentPostprocessing = 0;
		};
/* End PBXResourcesBuildPhase section */

/* Begin PBXSourcesBuildPhase section */
		A865088D2C3B48770091EE0D /* Sources */ = {
			isa = PBXSourcesBuildPhase;
			buildActionMask = 2147483647;
			files = (
				A852FD1F2C40CE840067D203 /* MultiDayPlannerMapViewControllerRepresentable.swift in Sources */,
				A8A053B92C3FDA9B002DB74E /* RouteElevationProfileChart.swift in Sources */,
				A81DE3192C409F230042F752 /* RouteListItemPathStrokeStyle.swift in Sources */,
				A827B8682C40AA8C0071C6ED /* ProfileDetail.swift in Sources */,
				A8CA0BD92C3BBE30007035F7 /* Route+Codable.swift in Sources */,
				A852FD172C40C75A0067D203 /* MultiDayPlannerMapViewController.swift in Sources */,
				A86508CB2C3B4EA40091EE0D /* RoutesSidebar.swift in Sources */,
				A8D6866E2C3E1DE700B725F6 /* RouteMapViewControllerRepresentable.swift in Sources */,
				A852FD372C4132320067D203 /* RoutePointSelectionAnnotation.swift in Sources */,
				A8D6865B2C3CCF1E00B725F6 /* EditRouteSheet.swift in Sources */,
				A86508D92C3B695C0091EE0D /* RoutePoint.swift in Sources */,
				A86508E22C3B8C630091EE0D /* GPXParser.swift in Sources */,
				A81DE3152C4098B80042F752 /* RoutePathShape.swift in Sources */,
				A8D686652C3D398000B725F6 /* Route+Metrics.swift in Sources */,
				A8D686732C3E1F1700B725F6 /* RouteMapViewController+MKMapViewDelegateMethods.swift in Sources */,
				A852FD212C410CCA0067D203 /* CLLocationCoordinate2D+Hashable.swift in Sources */,
				A8D6866C2C3DE26200B725F6 /* ElevationFormatStyle.swift in Sources */,
				A86508C52C3B4B320091EE0D /* RoutesScene.swift in Sources */,
				A8CA0BEE2C3BFADB007035F7 /* CLLocationCoordinate2D+Distance.swift in Sources */,
				A8D686592C3CCD1700B725F6 /* RoutesSidebar+Actions.swift in Sources */,
				A8D686872C3E3CE800B725F6 /* SectionHeader.swift in Sources */,
				A86508CD2C3B4EBD0091EE0D /* RouteListItem.swift in Sources */,
				A8CA0BEC2C3BFA44007035F7 /* CLLocation+Initializers.swift in Sources */,
				A8D686772C3E229800B725F6 /* TileServerURLTemplate.swift in Sources */,
				A8D6867C2C3E24C900B725F6 /* RoutePathPolyline.swift in Sources */,
				A86508972C3B48770091EE0D /* ContentView.swift in Sources */,
				A86508DE2C3B6D460091EE0D /* CLLocationCoordinate2D+Codable.swift in Sources */,
				A852FD1D2C40CDE00067D203 /* MKPolyline+ClosestPointInPolylineToPoint.swift in Sources */,
				A86508D42C3B591D0091EE0D /* RouteContent.swift in Sources */,
				A8D686712C3E1E2600B725F6 /* RouteMapViewController.swift in Sources */,
				A827B8622C40A9FD0071C6ED /* ProfileScene.swift in Sources */,
				A8CA0BDD2C3BD5B9007035F7 /* NewRouteSheet.swift in Sources */,
				A86508952C3B48770091EE0D /* TopomapperNZApp.swift in Sources */,
				A81DE31D2C40A3FD0042F752 /* [RoutePoint]+NearestPointToDistance.swift in Sources */,
				A86508D02C3B54590091EE0D /* Route.swift in Sources */,
				A852FD272C4114B20067D203 /* Double+Rounding.swift in Sources */,
				A8CA0BD72C3BB91C007035F7 /* Route+Hashable.swift in Sources */,
				A8CA0BF02C3BFBBA007035F7 /* GPXTrackPoint+Distance.swift in Sources */,
				A852FD252C410EC80067D203 /* Route+CoordinateRoutePointDictionary.swift in Sources */,
				A852FD1B2C40CD190067D203 /* MKMapView+DistanceFromPointByNumberOfPixelsHorizontallyAcross.swift in Sources */,
				A8D686802C3E26AA00B725F6 /* Route+Annotations&Overlays.swift in Sources */,
				A852FD232C410DE20067D203 /* CLLocationCoordinate2D+Equatable.swift in Sources */,
				A8CA0BEA2C3BF887007035F7 /* [RoutePoint]+Initializers.swift in Sources */,
				A8A053B42C3E8B7F002DB74E /* StartEndAnnotationView.swift in Sources */,
				A852FD2B2C41273B0067D203 /* MultiDayPlannerSheet.swift in Sources */,
				A8D686792C3E22A600B725F6 /* Key.swift in Sources */,
				A8A053B72C3FD9D4002DB74E /* RouteDetail.swift in Sources */,
				A86508C32C3B4A600091EE0D /* Symbol.swift in Sources */,
				A86508D72C3B60360091EE0D /* Statistic.swift in Sources */,
				A81DE30C2C3FF09F0042F752 /* Route+SortOrder.swift in Sources */,
				A8D6866A2C3DE0AF00B725F6 /* RouteLengthFormatStyle.swift in Sources */,
				A8D6865D2C3D081C00B725F6 /* Route+Rename.swift in Sources */,
				A86508DB2C3B6A8B0091EE0D /* GPXTrackPoint.swift in Sources */,
				A81DE30E2C3FF0A40042F752 /* Route+SortMode.swift in Sources */,
				A8D686832C3E298B00B725F6 /* RoutePathRepresentable.swift in Sources */,
				A827B8652C40AA680071C6ED /* ProfileSidebar.swift in Sources */,
				A8A053B22C3E8A72002DB74E /* StartEndAnnotation.swift in Sources */,
				A8D686852C3E2F4600B725F6 /* View+ConditionalViewModifier.swift in Sources */,
				A8CA0BE12C3BE934007035F7 /* NewRouteSheet+Actions.swift in Sources */,
				A8D6867E2C3E260C00B725F6 /* RoutePathOutlinePolyline.swift in Sources */,
				A8CA0BD52C3BB8F0007035F7 /* Route+Equatable.swift in Sources */,
				A86508D22C3B55530091EE0D /* Route+SampleData.swift in Sources */,
			);
			runOnlyForDeploymentPostprocessing = 0;
		};
		A865089F2C3B48790091EE0D /* Sources */ = {
			isa = PBXSourcesBuildPhase;
			buildActionMask = 2147483647;
			files = (
				A86508A82C3B48790091EE0D /* GPXParsingTests.swift in Sources */,
			);
			runOnlyForDeploymentPostprocessing = 0;
		};
		A86508A92C3B48790091EE0D /* Sources */ = {
			isa = PBXSourcesBuildPhase;
			buildActionMask = 2147483647;
			files = (
				A86508B22C3B48790091EE0D /* TopomapperNZUITests.swift in Sources */,
				A86508B42C3B48790091EE0D /* TopomapperNZUITestsLaunchTests.swift in Sources */,
			);
			runOnlyForDeploymentPostprocessing = 0;
		};
/* End PBXSourcesBuildPhase section */

/* Begin PBXTargetDependency section */
		A86508A52C3B48790091EE0D /* PBXTargetDependency */ = {
			isa = PBXTargetDependency;
			target = A86508902C3B48770091EE0D /* TopomapperNZ */;
			targetProxy = A86508A42C3B48790091EE0D /* PBXContainerItemProxy */;
		};
		A86508AF2C3B48790091EE0D /* PBXTargetDependency */ = {
			isa = PBXTargetDependency;
			target = A86508902C3B48770091EE0D /* TopomapperNZ */;
			targetProxy = A86508AE2C3B48790091EE0D /* PBXContainerItemProxy */;
		};
/* End PBXTargetDependency section */

/* Begin XCBuildConfiguration section */
		A86508B52C3B48790091EE0D /* Debug */ = {
			isa = XCBuildConfiguration;
			buildSettings = {
				ALWAYS_SEARCH_USER_PATHS = NO;
				ASSETCATALOG_COMPILER_GENERATE_SWIFT_ASSET_SYMBOL_EXTENSIONS = YES;
				CLANG_ANALYZER_NONNULL = YES;
				CLANG_ANALYZER_NUMBER_OBJECT_CONVERSION = YES_AGGRESSIVE;
				CLANG_CXX_LANGUAGE_STANDARD = "gnu++20";
				CLANG_ENABLE_MODULES = YES;
				CLANG_ENABLE_OBJC_ARC = YES;
				CLANG_ENABLE_OBJC_WEAK = YES;
				CLANG_WARN_BLOCK_CAPTURE_AUTORELEASING = YES;
				CLANG_WARN_BOOL_CONVERSION = YES;
				CLANG_WARN_COMMA = YES;
				CLANG_WARN_CONSTANT_CONVERSION = YES;
				CLANG_WARN_DEPRECATED_OBJC_IMPLEMENTATIONS = YES;
				CLANG_WARN_DIRECT_OBJC_ISA_USAGE = YES_ERROR;
				CLANG_WARN_DOCUMENTATION_COMMENTS = YES;
				CLANG_WARN_EMPTY_BODY = YES;
				CLANG_WARN_ENUM_CONVERSION = YES;
				CLANG_WARN_INFINITE_RECURSION = YES;
				CLANG_WARN_INT_CONVERSION = YES;
				CLANG_WARN_NON_LITERAL_NULL_CONVERSION = YES;
				CLANG_WARN_OBJC_IMPLICIT_RETAIN_SELF = YES;
				CLANG_WARN_OBJC_LITERAL_CONVERSION = YES;
				CLANG_WARN_OBJC_ROOT_CLASS = YES_ERROR;
				CLANG_WARN_QUOTED_INCLUDE_IN_FRAMEWORK_HEADER = YES;
				CLANG_WARN_RANGE_LOOP_ANALYSIS = YES;
				CLANG_WARN_STRICT_PROTOTYPES = YES;
				CLANG_WARN_SUSPICIOUS_MOVE = YES;
				CLANG_WARN_UNGUARDED_AVAILABILITY = YES_AGGRESSIVE;
				CLANG_WARN_UNREACHABLE_CODE = YES;
				CLANG_WARN__DUPLICATE_METHOD_MATCH = YES;
				COPY_PHASE_STRIP = NO;
				DEBUG_INFORMATION_FORMAT = dwarf;
				ENABLE_STRICT_OBJC_MSGSEND = YES;
				ENABLE_TESTABILITY = YES;
				ENABLE_USER_SCRIPT_SANDBOXING = YES;
				GCC_C_LANGUAGE_STANDARD = gnu17;
				GCC_DYNAMIC_NO_PIC = NO;
				GCC_NO_COMMON_BLOCKS = YES;
				GCC_OPTIMIZATION_LEVEL = 0;
				GCC_PREPROCESSOR_DEFINITIONS = (
					"DEBUG=1",
					"$(inherited)",
				);
				GCC_WARN_64_TO_32_BIT_CONVERSION = YES;
				GCC_WARN_ABOUT_RETURN_TYPE = YES_ERROR;
				GCC_WARN_UNDECLARED_SELECTOR = YES;
				GCC_WARN_UNINITIALIZED_AUTOS = YES_AGGRESSIVE;
				GCC_WARN_UNUSED_FUNCTION = YES;
				GCC_WARN_UNUSED_VARIABLE = YES;
				IPHONEOS_DEPLOYMENT_TARGET = 18.0;
				LOCALIZATION_PREFERS_STRING_CATALOGS = YES;
				MTL_ENABLE_DEBUG_INFO = INCLUDE_SOURCE;
				MTL_FAST_MATH = YES;
				ONLY_ACTIVE_ARCH = YES;
				SDKROOT = iphoneos;
				SWIFT_ACTIVE_COMPILATION_CONDITIONS = "DEBUG $(inherited)";
				SWIFT_OPTIMIZATION_LEVEL = "-Onone";
			};
			name = Debug;
		};
		A86508B62C3B48790091EE0D /* Release */ = {
			isa = XCBuildConfiguration;
			buildSettings = {
				ALWAYS_SEARCH_USER_PATHS = NO;
				ASSETCATALOG_COMPILER_GENERATE_SWIFT_ASSET_SYMBOL_EXTENSIONS = YES;
				CLANG_ANALYZER_NONNULL = YES;
				CLANG_ANALYZER_NUMBER_OBJECT_CONVERSION = YES_AGGRESSIVE;
				CLANG_CXX_LANGUAGE_STANDARD = "gnu++20";
				CLANG_ENABLE_MODULES = YES;
				CLANG_ENABLE_OBJC_ARC = YES;
				CLANG_ENABLE_OBJC_WEAK = YES;
				CLANG_WARN_BLOCK_CAPTURE_AUTORELEASING = YES;
				CLANG_WARN_BOOL_CONVERSION = YES;
				CLANG_WARN_COMMA = YES;
				CLANG_WARN_CONSTANT_CONVERSION = YES;
				CLANG_WARN_DEPRECATED_OBJC_IMPLEMENTATIONS = YES;
				CLANG_WARN_DIRECT_OBJC_ISA_USAGE = YES_ERROR;
				CLANG_WARN_DOCUMENTATION_COMMENTS = YES;
				CLANG_WARN_EMPTY_BODY = YES;
				CLANG_WARN_ENUM_CONVERSION = YES;
				CLANG_WARN_INFINITE_RECURSION = YES;
				CLANG_WARN_INT_CONVERSION = YES;
				CLANG_WARN_NON_LITERAL_NULL_CONVERSION = YES;
				CLANG_WARN_OBJC_IMPLICIT_RETAIN_SELF = YES;
				CLANG_WARN_OBJC_LITERAL_CONVERSION = YES;
				CLANG_WARN_OBJC_ROOT_CLASS = YES_ERROR;
				CLANG_WARN_QUOTED_INCLUDE_IN_FRAMEWORK_HEADER = YES;
				CLANG_WARN_RANGE_LOOP_ANALYSIS = YES;
				CLANG_WARN_STRICT_PROTOTYPES = YES;
				CLANG_WARN_SUSPICIOUS_MOVE = YES;
				CLANG_WARN_UNGUARDED_AVAILABILITY = YES_AGGRESSIVE;
				CLANG_WARN_UNREACHABLE_CODE = YES;
				CLANG_WARN__DUPLICATE_METHOD_MATCH = YES;
				COPY_PHASE_STRIP = NO;
				DEBUG_INFORMATION_FORMAT = "dwarf-with-dsym";
				ENABLE_NS_ASSERTIONS = NO;
				ENABLE_STRICT_OBJC_MSGSEND = YES;
				ENABLE_USER_SCRIPT_SANDBOXING = YES;
				GCC_C_LANGUAGE_STANDARD = gnu17;
				GCC_NO_COMMON_BLOCKS = YES;
				GCC_WARN_64_TO_32_BIT_CONVERSION = YES;
				GCC_WARN_ABOUT_RETURN_TYPE = YES_ERROR;
				GCC_WARN_UNDECLARED_SELECTOR = YES;
				GCC_WARN_UNINITIALIZED_AUTOS = YES_AGGRESSIVE;
				GCC_WARN_UNUSED_FUNCTION = YES;
				GCC_WARN_UNUSED_VARIABLE = YES;
				IPHONEOS_DEPLOYMENT_TARGET = 18.0;
				LOCALIZATION_PREFERS_STRING_CATALOGS = YES;
				MTL_ENABLE_DEBUG_INFO = NO;
				MTL_FAST_MATH = YES;
				SDKROOT = iphoneos;
				SWIFT_COMPILATION_MODE = wholemodule;
				VALIDATE_PRODUCT = YES;
			};
			name = Release;
		};
		A86508B82C3B48790091EE0D /* Debug */ = {
			isa = XCBuildConfiguration;
			buildSettings = {
				ASSETCATALOG_COMPILER_APPICON_NAME = AppIcon;
				ASSETCATALOG_COMPILER_GLOBAL_ACCENT_COLOR_NAME = AccentColor;
				CODE_SIGN_STYLE = Automatic;
				CURRENT_PROJECT_VERSION = 1;
				DEVELOPMENT_ASSET_PATHS = "\"TopomapperNZ/Preview Content\"";
				DEVELOPMENT_TEAM = FR86D5B46K;
				ENABLE_PREVIEWS = YES;
				GENERATE_INFOPLIST_FILE = YES;
				INFOPLIST_KEY_UIApplicationSceneManifest_Generation = YES;
				INFOPLIST_KEY_UIApplicationSupportsIndirectInputEvents = YES;
				INFOPLIST_KEY_UILaunchScreen_Generation = YES;
				INFOPLIST_KEY_UISupportedInterfaceOrientations_iPad = "UIInterfaceOrientationPortrait UIInterfaceOrientationPortraitUpsideDown UIInterfaceOrientationLandscapeLeft UIInterfaceOrientationLandscapeRight";
				INFOPLIST_KEY_UISupportedInterfaceOrientations_iPhone = "UIInterfaceOrientationPortrait UIInterfaceOrientationLandscapeLeft UIInterfaceOrientationLandscapeRight";
				LD_RUNPATH_SEARCH_PATHS = (
					"$(inherited)",
					"@executable_path/Frameworks",
				);
				MARKETING_VERSION = 1.0;
				PRODUCT_BUNDLE_IDENTIFIER = youngboris.TopomapperNZ;
				PRODUCT_NAME = "$(TARGET_NAME)";
				SWIFT_EMIT_LOC_STRINGS = YES;
				SWIFT_VERSION = 5.0;
				TARGETED_DEVICE_FAMILY = "1,2";
			};
			name = Debug;
		};
		A86508B92C3B48790091EE0D /* Release */ = {
			isa = XCBuildConfiguration;
			buildSettings = {
				ASSETCATALOG_COMPILER_APPICON_NAME = AppIcon;
				ASSETCATALOG_COMPILER_GLOBAL_ACCENT_COLOR_NAME = AccentColor;
				CODE_SIGN_STYLE = Automatic;
				CURRENT_PROJECT_VERSION = 1;
				DEVELOPMENT_ASSET_PATHS = "\"TopomapperNZ/Preview Content\"";
				DEVELOPMENT_TEAM = FR86D5B46K;
				ENABLE_PREVIEWS = YES;
				GENERATE_INFOPLIST_FILE = YES;
				INFOPLIST_KEY_UIApplicationSceneManifest_Generation = YES;
				INFOPLIST_KEY_UIApplicationSupportsIndirectInputEvents = YES;
				INFOPLIST_KEY_UILaunchScreen_Generation = YES;
				INFOPLIST_KEY_UISupportedInterfaceOrientations_iPad = "UIInterfaceOrientationPortrait UIInterfaceOrientationPortraitUpsideDown UIInterfaceOrientationLandscapeLeft UIInterfaceOrientationLandscapeRight";
				INFOPLIST_KEY_UISupportedInterfaceOrientations_iPhone = "UIInterfaceOrientationPortrait UIInterfaceOrientationLandscapeLeft UIInterfaceOrientationLandscapeRight";
				LD_RUNPATH_SEARCH_PATHS = (
					"$(inherited)",
					"@executable_path/Frameworks",
				);
				MARKETING_VERSION = 1.0;
				PRODUCT_BUNDLE_IDENTIFIER = youngboris.TopomapperNZ;
				PRODUCT_NAME = "$(TARGET_NAME)";
				SWIFT_EMIT_LOC_STRINGS = YES;
				SWIFT_VERSION = 5.0;
				TARGETED_DEVICE_FAMILY = "1,2";
			};
			name = Release;
		};
		A86508BB2C3B48790091EE0D /* Debug */ = {
			isa = XCBuildConfiguration;
			buildSettings = {
				BUNDLE_LOADER = "$(TEST_HOST)";
				CODE_SIGN_STYLE = Automatic;
				CURRENT_PROJECT_VERSION = 1;
				DEVELOPMENT_TEAM = FR86D5B46K;
				GENERATE_INFOPLIST_FILE = YES;
				IPHONEOS_DEPLOYMENT_TARGET = 18.0;
				MARKETING_VERSION = 1.0;
				PRODUCT_BUNDLE_IDENTIFIER = youngboris.TopomapperNZTests;
				PRODUCT_NAME = "$(TARGET_NAME)";
				SWIFT_EMIT_LOC_STRINGS = NO;
				SWIFT_VERSION = 5.0;
				TARGETED_DEVICE_FAMILY = "1,2";
				TEST_HOST = "$(BUILT_PRODUCTS_DIR)/TopomapperNZ.app/$(BUNDLE_EXECUTABLE_FOLDER_PATH)/TopomapperNZ";
			};
			name = Debug;
		};
		A86508BC2C3B48790091EE0D /* Release */ = {
			isa = XCBuildConfiguration;
			buildSettings = {
				BUNDLE_LOADER = "$(TEST_HOST)";
				CODE_SIGN_STYLE = Automatic;
				CURRENT_PROJECT_VERSION = 1;
				DEVELOPMENT_TEAM = FR86D5B46K;
				GENERATE_INFOPLIST_FILE = YES;
				IPHONEOS_DEPLOYMENT_TARGET = 18.0;
				MARKETING_VERSION = 1.0;
				PRODUCT_BUNDLE_IDENTIFIER = youngboris.TopomapperNZTests;
				PRODUCT_NAME = "$(TARGET_NAME)";
				SWIFT_EMIT_LOC_STRINGS = NO;
				SWIFT_VERSION = 5.0;
				TARGETED_DEVICE_FAMILY = "1,2";
				TEST_HOST = "$(BUILT_PRODUCTS_DIR)/TopomapperNZ.app/$(BUNDLE_EXECUTABLE_FOLDER_PATH)/TopomapperNZ";
			};
			name = Release;
		};
		A86508BE2C3B48790091EE0D /* Debug */ = {
			isa = XCBuildConfiguration;
			buildSettings = {
				CODE_SIGN_STYLE = Automatic;
				CURRENT_PROJECT_VERSION = 1;
				DEVELOPMENT_TEAM = FR86D5B46K;
				GENERATE_INFOPLIST_FILE = YES;
				MARKETING_VERSION = 1.0;
				PRODUCT_BUNDLE_IDENTIFIER = youngboris.TopomapperNZUITests;
				PRODUCT_NAME = "$(TARGET_NAME)";
				SWIFT_EMIT_LOC_STRINGS = NO;
				SWIFT_VERSION = 5.0;
				TARGETED_DEVICE_FAMILY = "1,2";
				TEST_TARGET_NAME = TopomapperNZ;
			};
			name = Debug;
		};
		A86508BF2C3B48790091EE0D /* Release */ = {
			isa = XCBuildConfiguration;
			buildSettings = {
				CODE_SIGN_STYLE = Automatic;
				CURRENT_PROJECT_VERSION = 1;
				DEVELOPMENT_TEAM = FR86D5B46K;
				GENERATE_INFOPLIST_FILE = YES;
				MARKETING_VERSION = 1.0;
				PRODUCT_BUNDLE_IDENTIFIER = youngboris.TopomapperNZUITests;
				PRODUCT_NAME = "$(TARGET_NAME)";
				SWIFT_EMIT_LOC_STRINGS = NO;
				SWIFT_VERSION = 5.0;
				TARGETED_DEVICE_FAMILY = "1,2";
				TEST_TARGET_NAME = TopomapperNZ;
			};
			name = Release;
		};
/* End XCBuildConfiguration section */

/* Begin XCConfigurationList section */
		A865088C2C3B48770091EE0D /* Build configuration list for PBXProject "TopomapperNZ" */ = {
			isa = XCConfigurationList;
			buildConfigurations = (
				A86508B52C3B48790091EE0D /* Debug */,
				A86508B62C3B48790091EE0D /* Release */,
			);
			defaultConfigurationIsVisible = 0;
			defaultConfigurationName = Release;
		};
		A86508B72C3B48790091EE0D /* Build configuration list for PBXNativeTarget "TopomapperNZ" */ = {
			isa = XCConfigurationList;
			buildConfigurations = (
				A86508B82C3B48790091EE0D /* Debug */,
				A86508B92C3B48790091EE0D /* Release */,
			);
			defaultConfigurationIsVisible = 0;
			defaultConfigurationName = Release;
		};
		A86508BA2C3B48790091EE0D /* Build configuration list for PBXNativeTarget "TopomapperNZTests" */ = {
			isa = XCConfigurationList;
			buildConfigurations = (
				A86508BB2C3B48790091EE0D /* Debug */,
				A86508BC2C3B48790091EE0D /* Release */,
			);
			defaultConfigurationIsVisible = 0;
			defaultConfigurationName = Release;
		};
		A86508BD2C3B48790091EE0D /* Build configuration list for PBXNativeTarget "TopomapperNZUITests" */ = {
			isa = XCConfigurationList;
			buildConfigurations = (
				A86508BE2C3B48790091EE0D /* Debug */,
				A86508BF2C3B48790091EE0D /* Release */,
			);
			defaultConfigurationIsVisible = 0;
			defaultConfigurationName = Release;
		};
/* End XCConfigurationList section */
	};
	rootObject = A86508892C3B48770091EE0D /* Project object */;
}
